
Microsoft Visual Studio Solution File, Format Version 12.00
# Visual Studio 14
VisualStudioVersion = 14.0.24720.0
MinimumVisualStudioVersion = 10.0.40219.1
Project("{FAE04EC0-301F-11D3-BF4B-00C04F79EFBC}") = "GoPro.Hero.Tests", "GoPro.Hero.Tests\GoPro.Hero.Tests.csproj", "{DDC8EACC-D2E6-4BDC-A8DE-839D056569F7}"
EndProject
Project("{FAE04EC0-301F-11D3-BF4B-00C04F79EFBC}") = "GoPro.Hero.Windows", "GoPro.Hero.Windows\GoPro.Hero.Windows.csproj", "{6EE14717-7464-4DFE-AE63-3BBE0317724C}"
EndProject
Project("{FAE04EC0-301F-11D3-BF4B-00C04F79EFBC}") = "GoPro.Hero", "GoPro.Hero\GoPro.Hero.csproj", "{FE698AF6-28AE-4C69-8F9B-7103F3F060BA}"
EndProject
Project("{FAE04EC0-301F-11D3-BF4B-00C04F79EFBC}") = "GoPro.Hero.Extensions", "GoPro.Hero.Extensions\GoPro.Hero.Extensions.csproj", "{92586935-94E8-4257-BBF8-3B7A2035E155}"
EndProject
Global
	GlobalSection(SolutionConfigurationPlatforms) = preSolution
		Debug|Any CPU = Debug|Any CPU
		Release|Any CPU = Release|Any CPU
	EndGlobalSection
	GlobalSection(ProjectConfigurationPlatforms) = postSolution
		{DDC8EACC-D2E6-4BDC-A8DE-839D056569F7}.Debug|Any CPU.ActiveCfg = Debug|Any CPU
		{DDC8EACC-D2E6-4BDC-A8DE-839D056569F7}.Debug|Any CPU.Build.0 = Debug|Any CPU
		{DDC8EACC-D2E6-4BDC-A8DE-839D056569F7}.Release|Any CPU.ActiveCfg = Release|Any CPU
		{DDC8EACC-D2E6-4BDC-A8DE-839D056569F7}.Release|Any CPU.Build.0 = Release|Any CPU
		{6EE14717-7464-4DFE-AE63-3BBE0317724C}.Debug|Any CPU.ActiveCfg = Debug|Any CPU
		{6EE14717-7464-4DFE-AE63-3BBE0317724C}.Debug|Any CPU.Build.0 = Debug|Any CPU
		{6EE14717-7464-4DFE-AE63-3BBE0317724C}.Release|Any CPU.ActiveCfg = Release|Any CPU
		{6EE14717-7464-4DFE-AE63-3BBE0317724C}.Release|Any CPU.Build.0 = Release|Any CPU
		{FE698AF6-28AE-4C69-8F9B-7103F3F060BA}.Debug|Any CPU.ActiveCfg = Debug|Any CPU
		{FE698AF6-28AE-4C69-8F9B-7103F3F060BA}.Debug|Any CPU.Build.0 = Debug|Any CPU
		{FE698AF6-28AE-4C69-8F9B-7103F3F060BA}.Release|Any CPU.ActiveCfg = Release|Any CPU
		{FE698AF6-28AE-4C69-8F9B-7103F3F060BA}.Release|Any CPU.Build.0 = Release|Any CPU
		{92586935-94E8-4257-BBF8-3B7A2035E155}.Debug|Any CPU.ActiveCfg = Debug|Any CPU
		{92586935-94E8-4257-BBF8-3B7A2035E155}.Debug|Any CPU.Build.0 = Debug|Any CPU
		{92586935-94E8-4257-BBF8-3B7A2035E155}.Release|Any CPU.ActiveCfg = Release|Any CPU
		{92586935-94E8-4257-BBF8-3B7A2035E155}.Release|Any CPU.Build.0 = Release|Any CPU
	EndGlobalSection
	GlobalSection(SolutionProperties) = preSolution
		HideSolutionNode = FALSE
	EndGlobalSection
EndGlobal
